
Microsoft Visual Studio Solution File, Format Version 12.00
# Visual Studio Version 17
VisualStudioVersion = 17.4.33205.214
MinimumVisualStudioVersion = 10.0.40219.1
Project("{FAE04EC0-301F-11D3-BF4B-00C04F79EFBC}") = "Course", "Course.csproj", "{C2E7E504-EA2A-4BE4-9862-37CF4BB26727}"
EndProject
Global
	GlobalSection(SolutionConfigurationPlatforms) = preSolution
		Debug|Any CPU = Debug|Any CPU
		Release|Any CPU = Release|Any CPU
	EndGlobalSection
	GlobalSection(ProjectConfigurationPlatforms) = postSolution
		{C2E7E504-EA2A-4BE4-9862-37CF4BB26727}.Debug|Any CPU.ActiveCfg = Debug|Any CPU
		{C2E7E504-EA2A-4BE4-9862-37CF4BB26727}.Debug|Any CPU.Build.0 = Debug|Any CPU
		{C2E7E504-EA2A-4BE4-9862-37CF4BB26727}.Release|Any CPU.ActiveCfg = Release|Any CPU
		{C2E7E504-EA2A-4BE4-9862-37CF4BB26727}.Release|Any CPU.Build.0 = Release|Any CPU
	EndGlobalSection
	GlobalSection(SolutionProperties) = preSolution
		HideSolutionNode = FALSE
	EndGlobalSection
	GlobalSection(ExtensibilityGlobals) = postSolution
		SolutionGuid = {2DAE5F54-4370-496B-A44B-70A4FA26EACF}
	EndGlobalSection
EndGlobal
